
Microsoft Visual Studio Solution File, Format Version 12.00
# Visual Studio 15
VisualStudioVersion = 15.0.27130.2027
MinimumVisualStudioVersion = 10.0.40219.1
Project("{FAE04EC0-301F-11D3-BF4B-00C04F79EFBC}") = "rainCheck", "rainCheck\rainCheck.csproj", "{C951C81D-9E8A-4575-9BF6-D1878AD67759}"
EndProject
Project("{54435603-DBB4-11D2-8724-00A0C9A8B90C}") = "Setup", "Setup\Setup.vdproj", "{74C030A8-581A-441E-8B3C-44E3AF1518F2}"
EndProject
Global
	GlobalSection(SolutionConfigurationPlatforms) = preSolution
		Debug|Any CPU = Debug|Any CPU
		Debug|x86 = Debug|x86
		Release|Any CPU = Release|Any CPU
		Release|x86 = Release|x86
	EndGlobalSection
	GlobalSection(ProjectConfigurationPlatforms) = postSolution
		{C951C81D-9E8A-4575-9BF6-D1878AD67759}.Debug|Any CPU.ActiveCfg = Debug|x64
		{C951C81D-9E8A-4575-9BF6-D1878AD67759}.Debug|Any CPU.Build.0 = Debug|x64
		{C951C81D-9E8A-4575-9BF6-D1878AD67759}.Debug|x86.ActiveCfg = Debug|x86
		{C951C81D-9E8A-4575-9BF6-D1878AD67759}.Debug|x86.Build.0 = Debug|x86
		{C951C81D-9E8A-4575-9BF6-D1878AD67759}.Release|Any CPU.ActiveCfg = Release|Any CPU
		{C951C81D-9E8A-4575-9BF6-D1878AD67759}.Release|Any CPU.Build.0 = Release|Any CPU
		{C951C81D-9E8A-4575-9BF6-D1878AD67759}.Release|x86.ActiveCfg = Release|x86
		{C951C81D-9E8A-4575-9BF6-D1878AD67759}.Release|x86.Build.0 = Release|x86
		{74C030A8-581A-441E-8B3C-44E3AF1518F2}.Debug|Any CPU.ActiveCfg = Debug
		{74C030A8-581A-441E-8B3C-44E3AF1518F2}.Debug|x86.ActiveCfg = Debug
		{74C030A8-581A-441E-8B3C-44E3AF1518F2}.Debug|x86.Build.0 = Debug
		{74C030A8-581A-441E-8B3C-44E3AF1518F2}.Release|Any CPU.ActiveCfg = Release
		{74C030A8-581A-441E-8B3C-44E3AF1518F2}.Release|x86.ActiveCfg = Release
		{74C030A8-581A-441E-8B3C-44E3AF1518F2}.Release|x86.Build.0 = Release
	EndGlobalSection
	GlobalSection(SolutionProperties) = preSolution
		HideSolutionNode = FALSE
	EndGlobalSection
	GlobalSection(ExtensibilityGlobals) = postSolution
		SolutionGuid = {9ED338EA-13A5-4133-AF48-D1CB059C58B1}
	EndGlobalSection
EndGlobal
